
Microsoft Visual Studio Solution File, Format Version 12.00
# Visual Studio Version 17
VisualStudioVersion = 17.14.36518.9 d17.14
MinimumVisualStudioVersion = 10.0.40219.1
Project("{FAE04EC0-301F-11D3-BF4B-00C04F79EFBC}") = "PictureGallery", "PictureGallery\PictureGallery.csproj", "{C55D0840-E7DC-4B04-8884-263D580A753C}"
EndProject
Global
	GlobalSection(SolutionConfigurationPlatforms) = preSolution
		Debug|Any CPU = Debug|Any CPU
		Release|Any CPU = Release|Any CPU
	EndGlobalSection
	GlobalSection(ProjectConfigurationPlatforms) = postSolution
		{C55D0840-E7DC-4B04-8884-263D580A753C}.Debug|Any CPU.ActiveCfg = Debug|Any CPU
		{C55D0840-E7DC-4B04-8884-263D580A753C}.Debug|Any CPU.Build.0 = Debug|Any CPU
		{C55D0840-E7DC-4B04-8884-263D580A753C}.Debug|Any CPU.Deploy.0 = Debug|Any CPU
		{C55D0840-E7DC-4B04-8884-263D580A753C}.Release|Any CPU.ActiveCfg = Release|Any CPU
		{C55D0840-E7DC-4B04-8884-263D580A753C}.Release|Any CPU.Build.0 = Release|Any CPU
		{C55D0840-E7DC-4B04-8884-263D580A753C}.Release|Any CPU.Deploy.0 = Release|Any CPU
	EndGlobalSection
	GlobalSection(SolutionProperties) = preSolution
		HideSolutionNode = FALSE
	EndGlobalSection
	GlobalSection(ExtensibilityGlobals) = postSolution
		SolutionGuid = {A04B8B28-3514-48B1-81C7-E26FDE919BAC}
	EndGlobalSection
EndGlobal
